// !$*UTF8*$!
{
	archiveVersion = 1;
	classes = {
	};
	objectVersion = 50;
	objects = {

/* Begin PBXBuildFile section */
		61AAFF292405119800E72D0C /* AppDelegate.swift in Sources */ = {isa = PBXBuildFile; fileRef = 61AAFF282405119800E72D0C /* AppDelegate.swift */; };
		61AAFF2B2405119800E72D0C /* SceneDelegate.swift in Sources */ = {isa = PBXBuildFile; fileRef = 61AAFF2A2405119800E72D0C /* SceneDelegate.swift */; };
		61AAFF2D2405119800E72D0C /* ViewController.swift in Sources */ = {isa = PBXBuildFile; fileRef = 61AAFF2C2405119800E72D0C /* ViewController.swift */; };
		61AAFF302405119800E72D0C /* Main.storyboard in Resources */ = {isa = PBXBuildFile; fileRef = 61AAFF2E2405119800E72D0C /* Main.storyboard */; };
		61AAFF352405119900E72D0C /* LaunchScreen.storyboard in Resources */ = {isa = PBXBuildFile; fileRef = 61AAFF332405119900E72D0C /* LaunchScreen.storyboard */; };
		61AAFF3D240511BD00E72D0C /* Assets.xcassets in Resources */ = {isa = PBXBuildFile; fileRef = 61AAFF3C240511BD00E72D0C /* Assets.xcassets */; };
		61EBE04A244DBD3400551E9C /* alarm_sound.mp3 in Resources */ = {isa = PBXBuildFile; fileRef = 61EBE049244DBD3400551E9C /* alarm_sound.mp3 */; };
/* End PBXBuildFile section */

/* Begin PBXFileReference section */
		61AAFF252405119800E72D0C /* Timer-Egg.app */ = {isa = PBXFileReference; explicitFileType = wrapper.application; includeInIndex = 0; path = "Timer-Egg.app"; sourceTree = BUILT_PRODUCTS_DIR; };
		61AAFF282405119800E72D0C /* AppDelegate.swift */ = {isa = PBXFileReference; lastKnownFileType = sourcecode.swift; path = AppDelegate.swift; sourceTree = "<group>"; };
		61AAFF2A2405119800E72D0C /* SceneDelegate.swift */ = {isa = PBXFileReference; lastKnownFileType = sourcecode.swift; path = SceneDelegate.swift; sourceTree = "<group>"; };
		61AAFF2C2405119800E72D0C /* ViewController.swift */ = {isa = PBXFileReference; lastKnownFileType = sourcecode.swift; path = ViewController.swift; sourceTree = "<group>"; };
		61AAFF2F2405119800E72D0C /* Base */ = {isa = PBXFileReference; lastKnownFileType = file.storyboard; name = Base; path = Base.lproj/Main.storyboard; sourceTree = "<group>"; };
		61AAFF342405119900E72D0C /* Base */ = {isa = PBXFileReference; lastKnownFileType = file.storyboard; name = Base; path = Base.lproj/LaunchScreen.storyboard; sourceTree = "<group>"; };
		61AAFF362405119900E72D0C /* Info.plist */ = {isa = PBXFileReference; lastKnownFileType = text.plist.xml; path = Info.plist; sourceTree = "<group>"; };
		61AAFF3C240511BD00E72D0C /* Assets.xcassets */ = {isa = PBXFileReference; lastKnownFileType = folder.assetcatalog; name = Assets.xcassets; path = "../../../Udemy/EggTimer-iOS13-Completed/EggTimer/Assets.xcassets"; sourceTree = "<group>"; };
		61EBE049244DBD3400551E9C /* alarm_sound.mp3 */ = {isa = PBXFileReference; lastKnownFileType = audio.mp3; name = alarm_sound.mp3; path = "../../../Udemy/EggTimer-iOS13-Completed/EggTimer/alarm_sound.mp3"; sourceTree = "<group>"; };
/* End PBXFileReference section */

/* Begin PBXFrameworksBuildPhase section */
		61AAFF222405119800E72D0C /* Frameworks */ = {
			isa = PBXFrameworksBuildPhase;
			buildActionMask = 2147483647;
			files = (
			);
			runOnlyForDeploymentPostprocessing = 0;
		};
/* End PBXFrameworksBuildPhase section */

/* Begin PBXGroup section */
		61AAFF1C2405119800E72D0C = {
			isa = PBXGroup;
			children = (
				61AAFF272405119800E72D0C /* Timer-Egg */,
				61AAFF262405119800E72D0C /* Products */,
			);
			sourceTree = "<group>";
		};
		61AAFF262405119800E72D0C /* Products */ = {
			isa = PBXGroup;
			children = (
				61AAFF252405119800E72D0C /* Timer-Egg.app */,
			);
			name = Products;
			sourceTree = "<group>";
		};
		61AAFF272405119800E72D0C /* Timer-Egg */ = {
			isa = PBXGroup;
			children = (
				61AAFF282405119800E72D0C /* AppDelegate.swift */,
				61AAFF2A2405119800E72D0C /* SceneDelegate.swift */,
				61AAFF2C2405119800E72D0C /* ViewController.swift */,
				61AAFF2E2405119800E72D0C /* Main.storyboard */,
				61AAFF3C240511BD00E72D0C /* Assets.xcassets */,
				61AAFF332405119900E72D0C /* LaunchScreen.storyboard */,
				61EBE049244DBD3400551E9C /* alarm_sound.mp3 */,
				61AAFF362405119900E72D0C /* Info.plist */,
			);
			path = "Timer-Egg";
			sourceTree = "<group>";
		};
/* End PBXGroup section */

/* Begin PBXNativeTarget section */
		61AAFF242405119800E72D0C /* Timer-Egg */ = {
			isa = PBXNativeTarget;
			buildConfigurationList = 61AAFF392405119900E72D0C /* Build configuration list for PBXNativeTarget "Timer-Egg" */;
			buildPhases = (
				61AAFF212405119800E72D0C /* Sources */,
				61AAFF222405119800E72D0C /* Frameworks */,
				61AAFF232405119800E72D0C /* Resources */,
			);
			buildRules = (
			);
			dependencies = (
			);
			name = "Timer-Egg";
			productName = "Timer-Egg";
			productReference = 61AAFF252405119800E72D0C /* Timer-Egg.app */;
			productType = "com.apple.product-type.application";
		};
/* End PBXNativeTarget section */

/* Begin PBXProject section */
		61AAFF1D2405119800E72D0C /* Project object */ = {
			isa = PBXProject;
			attributes = {
				LastSwiftUpdateCheck = 1120;
				LastUpgradeCheck = 1120;
				ORGANIZATIONNAME = "Randy Efan Jayaputra";
				TargetAttributes = {
					61AAFF242405119800E72D0C = {
						CreatedOnToolsVersion = 11.2.1;
					};
				};
			};
			buildConfigurationList = 61AAFF202405119800E72D0C /* Build configuration list for PBXProject "Timer-Egg" */;
			compatibilityVersion = "Xcode 9.3";
			developmentRegion = en;
			hasScannedForEncodings = 0;
			knownRegions = (
				en,
				Base,
			);
			mainGroup = 61AAFF1C2405119800E72D0C;
			productRefGroup = 61AAFF262405119800E72D0C /* Products */;
			projectDirPath = "";
			projectRoot = "";
			targets = (
				61AAFF242405119800E72D0C /* Timer-Egg */,
			);
		};
/* End PBXProject section */

/* Begin PBXResourcesBuildPhase section */
		61AAFF232405119800E72D0C /* Resources */ = {
			isa = PBXResourcesBuildPhase;
			buildActionMask = 2147483647;
			files = (
				61AAFF352405119900E72D0C /* LaunchScreen.storyboard in Resources */,
				61AAFF3D240511BD00E72D0C /* Assets.xcassets in Resources */,
				61EBE04A244DBD3400551E9C /* alarm_sound.mp3 in Resources */,
				61AAFF302405119800E72D0C /* Main.storyboard in Resources */,
			);
			runOnlyForDeploymentPostprocessing = 0;
		};
/* End PBXResourcesBuildPhase section */

/* Begin PBXSourcesBuildPhase section */
		61AAFF212405119800E72D0C /* Sources */ = {
			isa = PBXSourcesBuildPhase;
			buildActionMask = 2147483647;
			files = (
				61AAFF2D2405119800E72D0C /* ViewController.swift in Sources */,
				61AAFF292405119800E72D0C /* AppDelegate.swift in Sources */,
				61AAFF2B2405119800E72D0C /* SceneDelegate.swift in Sources */,
			);
			runOnlyForDeploymentPostprocessing = 0;
		};
/* End PBXSourcesBuildPhase section */

/* Begin PBXVariantGroup section */
		61AAFF2E2405119800E72D0C /* Main.storyboard */ = {
			isa = PBXVariantGroup;
			children = (
				61AAFF2F2405119800E72D0C /* Base */,
			);
			name = Main.storyboard;
			sourceTree = "<group>";
		};
		61AAFF332405119900E72D0C /* LaunchScreen.storyboard */ = {
			isa = PBXVariantGroup;
			children = (
				61AAFF342405119900E72D0C /* Base */,
			);
			name = LaunchScreen.storyboard;
			sourceTree = "<group>";
		};
/* End PBXVariantGroup section */

/* Begin XCBuildConfiguration section */
		61AAFF372405119900E72D0C /* Debug */ = {
			isa = XCBuildConfiguration;
			buildSettings = {
				ALWAYS_SEARCH_USER_PATHS = NO;
				CLANG_ANALYZER_NONNULL = YES;
				CLANG_ANALYZER_NUMBER_OBJECT_CONVERSION = YES_AGGRESSIVE;
				CLANG_CXX_LANGUAGE_STANDARD = "gnu++14";
				CLANG_CXX_LIBRARY = "libc++";
				CLANG_ENABLE_MODULES = YES;
				CLANG_ENABLE_OBJC_ARC = YES;
				CLANG_ENABLE_OBJC_WEAK = YES;
				CLANG_WARN_BLOCK_CAPTURE_AUTORELEASING = YES;
				CLANG_WARN_BOOL_CONVERSION = YES;
				CLANG_WARN_COMMA = YES;
				CLANG_WARN_CONSTANT_CONVERSION = YES;
				CLANG_WARN_DEPRECATED_OBJC_IMPLEMENTATIONS = YES;
				CLANG_WARN_DIRECT_OBJC_ISA_USAGE = YES_ERROR;
				CLANG_WARN_DOCUMENTATION_COMMENTS = YES;
				CLANG_WARN_EMPTY_BODY = YES;
				CLANG_WARN_ENUM_CONVERSION = YES;
				CLANG_WARN_INFINITE_RECURSION = YES;
				CLANG_WARN_INT_CONVERSION = YES;
				CLANG_WARN_NON_LITERAL_NULL_CONVERSION = YES;
				CLANG_WARN_OBJC_IMPLICIT_RETAIN_SELF = YES;
				CLANG_WARN_OBJC_LITERAL_CONVERSION = YES;
				CLANG_WARN_OBJC_ROOT_CLASS = YES_ERROR;
				CLANG_WARN_RANGE_LOOP_ANALYSIS = YES;
				CLANG_WARN_STRICT_PROTOTYPES = YES;
				CLANG_WARN_SUSPICIOUS_MOVE = YES;
				CLANG_WARN_UNGUARDED_AVAILABILITY = YES_AGGRESSIVE;
				CLANG_WARN_UNREACHABLE_CODE = YES;
				CLANG_WARN__DUPLICATE_METHOD_MATCH = YES;
				COPY_PHASE_STRIP = NO;
				DEBUG_INFORMATION_FORMAT = dwarf;
				ENABLE_STRICT_OBJC_MSGSEND = YES;
				ENABLE_TESTABILITY = YES;
				GCC_C_LANGUAGE_STANDARD = gnu11;
				GCC_DYNAMIC_NO_PIC = NO;
				GCC_NO_COMMON_BLOCKS = YES;
				GCC_OPTIMIZATION_LEVEL = 0;
				GCC_PREPROCESSOR_DEFINITIONS = (
					"DEBUG=1",
					"$(inherited)",
				);
				GCC_WARN_64_TO_32_BIT_CONVERSION = YES;
				GCC_WARN_ABOUT_RETURN_TYPE = YES_ERROR;
				GCC_WARN_UNDECLARED_SELECTOR = YES;
				GCC_WARN_UNINITIALIZED_AUTOS = YES_AGGRESSIVE;
				GCC_WARN_UNUSED_FUNCTION = YES;
				GCC_WARN_UNUSED_VARIABLE = YES;
				IPHONEOS_DEPLOYMENT_TARGET = 13.2;
				MTL_ENABLE_DEBUG_INFO = INCLUDE_SOURCE;
				MTL_FAST_MATH = YES;
				ONLY_ACTIVE_ARCH = YES;
				SDKROOT = iphoneos;
				SWIFT_ACTIVE_COMPILATION_CONDITIONS = DEBUG;
				SWIFT_OPTIMIZATION_LEVEL = "-Onone";
			};
			name = Debug;
		};
		61AAFF382405119900E72D0C /* Release */ = {
			isa = XCBuildConfiguration;
			buildSettings = {
				ALWAYS_SEARCH_USER_PATHS = NO;
				CLANG_ANALYZER_NONNULL = YES;
				CLANG_ANALYZER_NUMBER_OBJECT_CONVERSION = YES_AGGRESSIVE;
				CLANG_CXX_LANGUAGE_STANDARD = "gnu++14";
				CLANG_CXX_LIBRARY = "libc++";
				CLANG_ENABLE_MODULES = YES;
				CLANG_ENABLE_OBJC_ARC = YES;
				CLANG_ENABLE_OBJC_WEAK = YES;
				CLANG_WARN_BLOCK_CAPTURE_AUTORELEASING = YES;
				CLANG_WARN_BOOL_CONVERSION = YES;
				CLANG_WARN_COMMA = YES;
				CLANG_WARN_CONSTANT_CONVERSION = YES;
				CLANG_WARN_DEPRECATED_OBJC_IMPLEMENTATIONS = YES;
				CLANG_WARN_DIRECT_OBJC_ISA_USAGE = YES_ERROR;
				CLANG_WARN_DOCUMENTATION_COMMENTS = YES;
				CLANG_WARN_EMPTY_BODY = YES;
				CLANG_WARN_ENUM_CONVERSION = YES;
				CLANG_WARN_INFINITE_RECURSION = YES;
				CLANG_WARN_INT_CONVERSION = YES;
				CLANG_WARN_NON_LITERAL_NULL_CONVERSION = YES;
				CLANG_WARN_OBJC_IMPLICIT_RETAIN_SELF = YES;
				CLANG_WARN_OBJC_LITERAL_CONVERSION = YES;
				CLANG_WARN_OBJC_ROOT_CLASS = YES_ERROR;
				CLANG_WARN_RANGE_LOOP_ANALYSIS = YES;
				CLANG_WARN_STRICT_PROTOTYPES = YES;
				CLANG_WARN_SUSPICIOUS_MOVE = YES;
				CLANG_WARN_UNGUARDED_AVAILABILITY = YES_AGGRESSIVE;
				CLANG_WARN_UNREACHABLE_CODE = YES;
				CLANG_WARN__DUPLICATE_METHOD_MATCH = YES;
				COPY_PHASE_STRIP = NO;
				DEBUG_INFORMATION_FORMAT = "dwarf-with-dsym";
				ENABLE_NS_ASSERTIONS = NO;
				ENABLE_STRICT_OBJC_MSGSEND = YES;
				GCC_C_LANGUAGE_STANDARD = gnu11;
				GCC_NO_COMMON_BLOCKS = YES;
				GCC_WARN_64_TO_32_BIT_CONVERSION = YES;
				GCC_WARN_ABOUT_RETURN_TYPE = YES_ERROR;
				GCC_WARN_UNDECLARED_SELECTOR = YES;
				GCC_WARN_UNINITIALIZED_AUTOS = YES_AGGRESSIVE;
				GCC_WARN_UNUSED_FUNCTION = YES;
				GCC_WARN_UNUSED_VARIABLE = YES;
				IPHONEOS_DEPLOYMENT_TARGET = 13.2;
				MTL_ENABLE_DEBUG_INFO = NO;
				MTL_FAST_MATH = YES;
				SDKROOT = iphoneos;
				SWIFT_COMPILATION_MODE = wholemodule;
				SWIFT_OPTIMIZATION_LEVEL = "-O";
				VALIDATE_PRODUCT = YES;
			};
			name = Release;
		};
		61AAFF3A2405119900E72D0C /* Debug */ = {
			isa = XCBuildConfiguration;
			buildSettings = {
				ASSETCATALOG_COMPILER_APPICON_NAME = AppIcon;
				CODE_SIGN_STYLE = Automatic;
				DEVELOPMENT_TEAM = 33Z87RYAC2;
				INFOPLIST_FILE = "Timer-Egg/Info.plist";
				LD_RUNPATH_SEARCH_PATHS = (
					"$(inherited)",
					"@executable_path/Frameworks",
				);
				PRODUCT_BUNDLE_IDENTIFIER = "com.InformatikaUII.Timer-Egg";
				PRODUCT_NAME = "$(TARGET_NAME)";
				SWIFT_VERSION = 5.0;
				TARGETED_DEVICE_FAMILY = "1,2";
			};
			name = Debug;
		};
		61AAFF3B2405119900E72D0C /* Release */ = {
			isa = XCBuildConfiguration;
			buildSettings = {
				ASSETCATALOG_COMPILER_APPICON_NAME = AppIcon;
				CODE_SIGN_STYLE = Automatic;
				DEVELOPMENT_TEAM = 33Z87RYAC2;
				INFOPLIST_FILE = "Timer-Egg/Info.plist";
				LD_RUNPATH_SEARCH_PATHS = (
					"$(inherited)",
					"@executable_path/Frameworks",
				);
				PRODUCT_BUNDLE_IDENTIFIER = "com.InformatikaUII.Timer-Egg";
				PRODUCT_NAME = "$(TARGET_NAME)";
				SWIFT_VERSION = 5.0;
				TARGETED_DEVICE_FAMILY = "1,2";
			};
			name = Release;
		};
/* End XCBuildConfiguration section */

/* Begin XCConfigurationList section */
		61AAFF202405119800E72D0C /* Build configuration list for PBXProject "Timer-Egg" */ = {
			isa = XCConfigurationList;
			buildConfigurations = (
				61AAFF372405119900E72D0C /* Debug */,
				61AAFF382405119900E72D0C /* Release */,
			);
			defaultConfigurationIsVisible = 0;
			defaultConfigurationName = Release;
		};
		61AAFF392405119900E72D0C /* Build configuration list for PBXNativeTarget "Timer-Egg" */ = {
			isa = XCConfigurationList;
			buildConfigurations = (
				61AAFF3A2405119900E72D0C /* Debug */,
				61AAFF3B2405119900E72D0C /* Release */,
			);
			defaultConfigurationIsVisible = 0;
			defaultConfigurationName = Release;
		};
/* End XCConfigurationList section */
	};
	rootObject = 61AAFF1D2405119800E72D0C /* Project object */;
}
